
Microsoft Visual Studio Solution File, Format Version 12.00
# Visual Studio Version 17
VisualStudioVersion = 17.7.34031.279
MinimumVisualStudioVersion = 10.0.40219.1
Project("{FAE04EC0-301F-11D3-BF4B-00C04F79EFBC}") = "w06", "w06.csproj", "{3A719F51-24A5-483D-830B-DD7F568C8773}"
EndProject
Global
	GlobalSection(SolutionConfigurationPlatforms) = preSolution
		Debug|Any CPU = Debug|Any CPU
		Release|Any CPU = Release|Any CPU
	EndGlobalSection
	GlobalSection(ProjectConfigurationPlatforms) = postSolution
		{3A719F51-24A5-483D-830B-DD7F568C8773}.Debug|Any CPU.ActiveCfg = Debug|Any CPU
		{3A719F51-24A5-483D-830B-DD7F568C8773}.Debug|Any CPU.Build.0 = Debug|Any CPU
		{3A719F51-24A5-483D-830B-DD7F568C8773}.Release|Any CPU.ActiveCfg = Release|Any CPU
		{3A719F51-24A5-483D-830B-DD7F568C8773}.Release|Any CPU.Build.0 = Release|Any CPU
	EndGlobalSection
	GlobalSection(SolutionProperties) = preSolution
		HideSolutionNode = FALSE
	EndGlobalSection
	GlobalSection(ExtensibilityGlobals) = postSolution
		SolutionGuid = {608C6CE0-CD30-40C2-B0D0-8F2196A5D51F}
	EndGlobalSection
EndGlobal
